
Microsoft Visual Studio Solution File, Format Version 12.00
# Visual Studio Version 17
VisualStudioVersion = 17.0.31912.275
MinimumVisualStudioVersion = 10.0.40219.1
Project("{FAE04EC0-301F-11D3-BF4B-00C04F79EFBC}") = "Geometri 2.0", "Geometri 2.0\Geometri 2.0.csproj", "{6C65FB64-2B0A-4F36-93A2-40883A34D3B2}"
EndProject
Global
	GlobalSection(SolutionConfigurationPlatforms) = preSolution
		Debug|Any CPU = Debug|Any CPU
		Release|Any CPU = Release|Any CPU
	EndGlobalSection
	GlobalSection(ProjectConfigurationPlatforms) = postSolution
		{6C65FB64-2B0A-4F36-93A2-40883A34D3B2}.Debug|Any CPU.ActiveCfg = Debug|Any CPU
		{6C65FB64-2B0A-4F36-93A2-40883A34D3B2}.Debug|Any CPU.Build.0 = Debug|Any CPU
		{6C65FB64-2B0A-4F36-93A2-40883A34D3B2}.Release|Any CPU.ActiveCfg = Release|Any CPU
		{6C65FB64-2B0A-4F36-93A2-40883A34D3B2}.Release|Any CPU.Build.0 = Release|Any CPU
	EndGlobalSection
	GlobalSection(SolutionProperties) = preSolution
		HideSolutionNode = FALSE
	EndGlobalSection
	GlobalSection(ExtensibilityGlobals) = postSolution
		SolutionGuid = {3BCDA47F-EA64-456A-AEEB-51AB6D7CC09A}
	EndGlobalSection
EndGlobal
